
Microsoft Visual Studio Solution File, Format Version 12.00
# Visual Studio Version 16
VisualStudioVersion = 16.0.29613.14
MinimumVisualStudioVersion = 10.0.40219.1
Project("{FAE04EC0-301F-11D3-BF4B-00C04F79EFBC}") = "BlackBox", "BlackBox\BlackBox.csproj", "{6FF2F6F5-5B06-49F1-8DDD-F8F1EA6199DB}"
EndProject
Project("{FAE04EC0-301F-11D3-BF4B-00C04F79EFBC}") = "BlackBox.Test", "BlackBox.Test\BlackBox.Test.csproj", "{6511C3D2-8B68-4AC9-98C6-4D9BEE20D8BA}"
EndProject
Global
	GlobalSection(SolutionConfigurationPlatforms) = preSolution
		Debug|Any CPU = Debug|Any CPU
		Release|Any CPU = Release|Any CPU
	EndGlobalSection
	GlobalSection(ProjectConfigurationPlatforms) = postSolution
		{6FF2F6F5-5B06-49F1-8DDD-F8F1EA6199DB}.Debug|Any CPU.ActiveCfg = Debug|Any CPU
		{6FF2F6F5-5B06-49F1-8DDD-F8F1EA6199DB}.Debug|Any CPU.Build.0 = Debug|Any CPU
		{6FF2F6F5-5B06-49F1-8DDD-F8F1EA6199DB}.Release|Any CPU.ActiveCfg = Release|Any CPU
		{6FF2F6F5-5B06-49F1-8DDD-F8F1EA6199DB}.Release|Any CPU.Build.0 = Release|Any CPU
		{6511C3D2-8B68-4AC9-98C6-4D9BEE20D8BA}.Debug|Any CPU.ActiveCfg = Debug|Any CPU
		{6511C3D2-8B68-4AC9-98C6-4D9BEE20D8BA}.Debug|Any CPU.Build.0 = Debug|Any CPU
		{6511C3D2-8B68-4AC9-98C6-4D9BEE20D8BA}.Release|Any CPU.ActiveCfg = Release|Any CPU
		{6511C3D2-8B68-4AC9-98C6-4D9BEE20D8BA}.Release|Any CPU.Build.0 = Release|Any CPU
	EndGlobalSection
	GlobalSection(SolutionProperties) = preSolution
		HideSolutionNode = FALSE
	EndGlobalSection
	GlobalSection(ExtensibilityGlobals) = postSolution
		SolutionGuid = {7C619F2B-A31C-4D0F-AE9E-628919DAAF05}
	EndGlobalSection
EndGlobal
